
Microsoft Visual Studio Solution File, Format Version 12.00
# Visual Studio Version 16
VisualStudioVersion = 16.0.30114.105
MinimumVisualStudioVersion = 10.0.40219.1
Project("{9A19103F-16F7-4668-BE54-9A1E7A4F7556}") = "Sample2", "2-enable-query-for-web-api\Sample2.csproj", "{2CE0B0FF-3880-483E-B45B-1F6F37ACECF6}"
EndProject
Project("{9A19103F-16F7-4668-BE54-9A1E7A4F7556}") = "Sample1", "1-getting-started\Sample1.csproj", "{45E4A334-9214-45E7-BD7A-0DEE7F416D56}"
EndProject
Project("{9A19103F-16F7-4668-BE54-9A1E7A4F7556}") = "Sample3", "3-expose-validation\Sample3.csproj", "{0B8409AC-B71E-4FEC-BF09-E357982B66C6}"
EndProject
Project("{9A19103F-16F7-4668-BE54-9A1E7A4F7556}") = "Sample4", "4-cqrs-with-mediatr-and-odata\Sample4.csproj", "{700B9F29-F0F0-4B6C-A378-02CF46F27561}"
EndProject
Project("{9A19103F-16F7-4668-BE54-9A1E7A4F7556}") = "Sample5", "5-shallow-and-deep-validation\Sample5.csproj", "{4807E5AA-E073-4934-9B31-A879352A45E3}"
EndProject
Global
	GlobalSection(SolutionConfigurationPlatforms) = preSolution
		Debug|Any CPU = Debug|Any CPU
		Release|Any CPU = Release|Any CPU
	EndGlobalSection
	GlobalSection(ProjectConfigurationPlatforms) = postSolution
		{2CE0B0FF-3880-483E-B45B-1F6F37ACECF6}.Debug|Any CPU.ActiveCfg = Debug|Any CPU
		{2CE0B0FF-3880-483E-B45B-1F6F37ACECF6}.Debug|Any CPU.Build.0 = Debug|Any CPU
		{2CE0B0FF-3880-483E-B45B-1F6F37ACECF6}.Release|Any CPU.ActiveCfg = Release|Any CPU
		{2CE0B0FF-3880-483E-B45B-1F6F37ACECF6}.Release|Any CPU.Build.0 = Release|Any CPU
		{45E4A334-9214-45E7-BD7A-0DEE7F416D56}.Debug|Any CPU.ActiveCfg = Debug|Any CPU
		{45E4A334-9214-45E7-BD7A-0DEE7F416D56}.Debug|Any CPU.Build.0 = Debug|Any CPU
		{45E4A334-9214-45E7-BD7A-0DEE7F416D56}.Release|Any CPU.ActiveCfg = Release|Any CPU
		{45E4A334-9214-45E7-BD7A-0DEE7F416D56}.Release|Any CPU.Build.0 = Release|Any CPU
		{0B8409AC-B71E-4FEC-BF09-E357982B66C6}.Debug|Any CPU.ActiveCfg = Debug|Any CPU
		{0B8409AC-B71E-4FEC-BF09-E357982B66C6}.Debug|Any CPU.Build.0 = Debug|Any CPU
		{0B8409AC-B71E-4FEC-BF09-E357982B66C6}.Release|Any CPU.ActiveCfg = Release|Any CPU
		{0B8409AC-B71E-4FEC-BF09-E357982B66C6}.Release|Any CPU.Build.0 = Release|Any CPU
		{700B9F29-F0F0-4B6C-A378-02CF46F27561}.Debug|Any CPU.ActiveCfg = Debug|Any CPU
		{700B9F29-F0F0-4B6C-A378-02CF46F27561}.Debug|Any CPU.Build.0 = Debug|Any CPU
		{700B9F29-F0F0-4B6C-A378-02CF46F27561}.Release|Any CPU.ActiveCfg = Release|Any CPU
		{700B9F29-F0F0-4B6C-A378-02CF46F27561}.Release|Any CPU.Build.0 = Release|Any CPU
		{4807E5AA-E073-4934-9B31-A879352A45E3}.Debug|Any CPU.ActiveCfg = Debug|Any CPU
		{4807E5AA-E073-4934-9B31-A879352A45E3}.Debug|Any CPU.Build.0 = Debug|Any CPU
		{4807E5AA-E073-4934-9B31-A879352A45E3}.Release|Any CPU.ActiveCfg = Release|Any CPU
		{4807E5AA-E073-4934-9B31-A879352A45E3}.Release|Any CPU.Build.0 = Release|Any CPU
	EndGlobalSection
	GlobalSection(SolutionProperties) = preSolution
		HideSolutionNode = FALSE
	EndGlobalSection
	GlobalSection(ExtensibilityGlobals) = postSolution
		SolutionGuid = {2B1DEDAC-BBA2-4DA6-B22A-B090322F2C5C}
	EndGlobalSection
EndGlobal
